
Microsoft Visual Studio Solution File, Format Version 12.00
#
Project("{2150E333-8FDC-42A3-9474-1A3956D46DE8}") = "src", "src", "{30D312A4-95B5-4682-81C0-E88EACDA4D69}"
EndProject
Project("{FAE04EC0-301F-11D3-BF4B-00C04F79EFBC}") = "DeviceManager.LIB", "src\DeviceManager.LIB\DeviceManager.LIB.csproj", "{90299341-61E0-4DB9-8F60-E12C0E4C5D01}"
EndProject
Project("{FAE04EC0-301F-11D3-BF4B-00C04F79EFBC}") = "DeviceManager.Data", "src\DeviceManager.Data\DeviceManager.Data.csproj", "{5DFE824A-F8E3-412C-B9E2-3A93810992ED}"
EndProject
Project("{FAE04EC0-301F-11D3-BF4B-00C04F79EFBC}") = "DeviceManager.API", "src\DeviceManager.API\DeviceManager.API.csproj", "{C41D0DE2-45C7-4902-B0C7-4731B6D8C396}"
EndProject
Global
	GlobalSection(SolutionConfigurationPlatforms) = preSolution
		Debug|Any CPU = Debug|Any CPU
		Debug|x64 = Debug|x64
		Debug|x86 = Debug|x86
		Release|Any CPU = Release|Any CPU
		Release|x64 = Release|x64
		Release|x86 = Release|x86
	EndGlobalSection
	GlobalSection(ProjectConfigurationPlatforms) = postSolution
		{90299341-61E0-4DB9-8F60-E12C0E4C5D01}.Debug|Any CPU.ActiveCfg = Debug|Any CPU
		{90299341-61E0-4DB9-8F60-E12C0E4C5D01}.Debug|Any CPU.Build.0 = Debug|Any CPU
		{90299341-61E0-4DB9-8F60-E12C0E4C5D01}.Debug|x64.ActiveCfg = Debug|Any CPU
		{90299341-61E0-4DB9-8F60-E12C0E4C5D01}.Debug|x64.Build.0 = Debug|Any CPU
		{90299341-61E0-4DB9-8F60-E12C0E4C5D01}.Debug|x86.ActiveCfg = Debug|Any CPU
		{90299341-61E0-4DB9-8F60-E12C0E4C5D01}.Debug|x86.Build.0 = Debug|Any CPU
		{90299341-61E0-4DB9-8F60-E12C0E4C5D01}.Release|Any CPU.ActiveCfg = Release|Any CPU
		{90299341-61E0-4DB9-8F60-E12C0E4C5D01}.Release|Any CPU.Build.0 = Release|Any CPU
		{90299341-61E0-4DB9-8F60-E12C0E4C5D01}.Release|x64.ActiveCfg = Release|Any CPU
		{90299341-61E0-4DB9-8F60-E12C0E4C5D01}.Release|x64.Build.0 = Release|Any CPU
		{90299341-61E0-4DB9-8F60-E12C0E4C5D01}.Release|x86.ActiveCfg = Release|Any CPU
		{90299341-61E0-4DB9-8F60-E12C0E4C5D01}.Release|x86.Build.0 = Release|Any CPU
		{5DFE824A-F8E3-412C-B9E2-3A93810992ED}.Debug|Any CPU.ActiveCfg = Debug|Any CPU
		{5DFE824A-F8E3-412C-B9E2-3A93810992ED}.Debug|Any CPU.Build.0 = Debug|Any CPU
		{5DFE824A-F8E3-412C-B9E2-3A93810992ED}.Debug|x64.ActiveCfg = Debug|Any CPU
		{5DFE824A-F8E3-412C-B9E2-3A93810992ED}.Debug|x64.Build.0 = Debug|Any CPU
		{5DFE824A-F8E3-412C-B9E2-3A93810992ED}.Debug|x86.ActiveCfg = Debug|Any CPU
		{5DFE824A-F8E3-412C-B9E2-3A93810992ED}.Debug|x86.Build.0 = Debug|Any CPU
		{5DFE824A-F8E3-412C-B9E2-3A93810992ED}.Release|Any CPU.ActiveCfg = Release|Any CPU
		{5DFE824A-F8E3-412C-B9E2-3A93810992ED}.Release|Any CPU.Build.0 = Release|Any CPU
		{5DFE824A-F8E3-412C-B9E2-3A93810992ED}.Release|x64.ActiveCfg = Release|Any CPU
		{5DFE824A-F8E3-412C-B9E2-3A93810992ED}.Release|x64.Build.0 = Release|Any CPU
		{5DFE824A-F8E3-412C-B9E2-3A93810992ED}.Release|x86.ActiveCfg = Release|Any CPU
		{5DFE824A-F8E3-412C-B9E2-3A93810992ED}.Release|x86.Build.0 = Release|Any CPU
		{C41D0DE2-45C7-4902-B0C7-4731B6D8C396}.Debug|Any CPU.ActiveCfg = Debug|Any CPU
		{C41D0DE2-45C7-4902-B0C7-4731B6D8C396}.Debug|Any CPU.Build.0 = Debug|Any CPU
		{C41D0DE2-45C7-4902-B0C7-4731B6D8C396}.Debug|x64.ActiveCfg = Debug|Any CPU
		{C41D0DE2-45C7-4902-B0C7-4731B6D8C396}.Debug|x64.Build.0 = Debug|Any CPU
		{C41D0DE2-45C7-4902-B0C7-4731B6D8C396}.Debug|x86.ActiveCfg = Debug|Any CPU
		{C41D0DE2-45C7-4902-B0C7-4731B6D8C396}.Debug|x86.Build.0 = Debug|Any CPU
		{C41D0DE2-45C7-4902-B0C7-4731B6D8C396}.Release|Any CPU.ActiveCfg = Release|Any CPU
		{C41D0DE2-45C7-4902-B0C7-4731B6D8C396}.Release|Any CPU.Build.0 = Release|Any CPU
		{C41D0DE2-45C7-4902-B0C7-4731B6D8C396}.Release|x64.ActiveCfg = Release|Any CPU
		{C41D0DE2-45C7-4902-B0C7-4731B6D8C396}.Release|x64.Build.0 = Release|Any CPU
		{C41D0DE2-45C7-4902-B0C7-4731B6D8C396}.Release|x86.ActiveCfg = Release|Any CPU
		{C41D0DE2-45C7-4902-B0C7-4731B6D8C396}.Release|x86.Build.0 = Release|Any CPU
	EndGlobalSection
	GlobalSection(NestedProjects) = preSolution
		{90299341-61E0-4DB9-8F60-E12C0E4C5D01} = {30D312A4-95B5-4682-81C0-E88EACDA4D69}
		{5DFE824A-F8E3-412C-B9E2-3A93810992ED} = {30D312A4-95B5-4682-81C0-E88EACDA4D69}
		{C41D0DE2-45C7-4902-B0C7-4731B6D8C396} = {30D312A4-95B5-4682-81C0-E88EACDA4D69}
	EndGlobalSection
EndGlobal
